
Microsoft Visual Studio Solution File, Format Version 11.00
# Visual Studio 2010
Project("{FAE04EC0-301F-11D3-BF4B-00C04F79EFBC}") = "Assembly-CSharp", "Assembly-CSharp.csproj", "{B890E99E-A22F-3D83-0AFE-8485D882299E}"
EndProject
Project("{FAE04EC0-301F-11D3-BF4B-00C04F79EFBC}") = "Substance.EditorHelper", "Substance.EditorHelper.csproj", "{D678175C-241B-EA03-1EB7-41A576106B63}"
EndProject
Project("{FAE04EC0-301F-11D3-BF4B-00C04F79EFBC}") = "Substance.Platform", "Substance.Platform.csproj", "{C480E0A0-0DA3-97B0-BFB6-EFD60E999E11}"
EndProject
Global
	GlobalSection(SolutionConfigurationPlatforms) = preSolution
		Debug|Any CPU = Debug|Any CPU
		Release|Any CPU = Release|Any CPU
	EndGlobalSection
	GlobalSection(ProjectConfigurationPlatforms) = postSolution
		{B890E99E-A22F-3D83-0AFE-8485D882299E}.Debug|Any CPU.ActiveCfg = Debug|Any CPU
		{B890E99E-A22F-3D83-0AFE-8485D882299E}.Debug|Any CPU.Build.0 = Debug|Any CPU
		{B890E99E-A22F-3D83-0AFE-8485D882299E}.Release|Any CPU.ActiveCfg = Release|Any CPU
		{B890E99E-A22F-3D83-0AFE-8485D882299E}.Release|Any CPU.Build.0 = Release|Any CPU
		{D678175C-241B-EA03-1EB7-41A576106B63}.Debug|Any CPU.ActiveCfg = Debug|Any CPU
		{D678175C-241B-EA03-1EB7-41A576106B63}.Debug|Any CPU.Build.0 = Debug|Any CPU
		{D678175C-241B-EA03-1EB7-41A576106B63}.Release|Any CPU.ActiveCfg = Release|Any CPU
		{D678175C-241B-EA03-1EB7-41A576106B63}.Release|Any CPU.Build.0 = Release|Any CPU
		{C480E0A0-0DA3-97B0-BFB6-EFD60E999E11}.Debug|Any CPU.ActiveCfg = Debug|Any CPU
		{C480E0A0-0DA3-97B0-BFB6-EFD60E999E11}.Debug|Any CPU.Build.0 = Debug|Any CPU
		{C480E0A0-0DA3-97B0-BFB6-EFD60E999E11}.Release|Any CPU.ActiveCfg = Release|Any CPU
		{C480E0A0-0DA3-97B0-BFB6-EFD60E999E11}.Release|Any CPU.Build.0 = Release|Any CPU
	EndGlobalSection
	GlobalSection(SolutionProperties) = preSolution
		HideSolutionNode = FALSE
	EndGlobalSection
EndGlobal
